
Microsoft Visual Studio Solution File, Format Version 12.00
# Visual Studio Version 16
VisualStudioVersion = 16.0.31112.23
MinimumVisualStudioVersion = 10.0.40219.1
Project("{9A19103F-16F7-4668-BE54-9A1E7A4F7556}") = "Fællessystem", "Fællessystem\Fællessystem.csproj", "{EEF0D123-9BD0-4C0A-89A0-C0FED4BD1A41}"
EndProject
Project("{9A19103F-16F7-4668-BE54-9A1E7A4F7556}") = "FællessystemUnitTest", "UnitTestProjectMeltTilSomFrivilligMedAftale\FællessystemUnitTest.csproj", "{09406000-D6D0-495F-AD1C-57A940148E3B}"
EndProject
Global
	GlobalSection(SolutionConfigurationPlatforms) = preSolution
		Debug|Any CPU = Debug|Any CPU
		Release|Any CPU = Release|Any CPU
	EndGlobalSection
	GlobalSection(ProjectConfigurationPlatforms) = postSolution
		{EEF0D123-9BD0-4C0A-89A0-C0FED4BD1A41}.Debug|Any CPU.ActiveCfg = Debug|Any CPU
		{EEF0D123-9BD0-4C0A-89A0-C0FED4BD1A41}.Debug|Any CPU.Build.0 = Debug|Any CPU
		{EEF0D123-9BD0-4C0A-89A0-C0FED4BD1A41}.Release|Any CPU.ActiveCfg = Release|Any CPU
		{EEF0D123-9BD0-4C0A-89A0-C0FED4BD1A41}.Release|Any CPU.Build.0 = Release|Any CPU
		{09406000-D6D0-495F-AD1C-57A940148E3B}.Debug|Any CPU.ActiveCfg = Debug|Any CPU
		{09406000-D6D0-495F-AD1C-57A940148E3B}.Debug|Any CPU.Build.0 = Debug|Any CPU
		{09406000-D6D0-495F-AD1C-57A940148E3B}.Release|Any CPU.ActiveCfg = Release|Any CPU
		{09406000-D6D0-495F-AD1C-57A940148E3B}.Release|Any CPU.Build.0 = Release|Any CPU
	EndGlobalSection
	GlobalSection(SolutionProperties) = preSolution
		HideSolutionNode = FALSE
	EndGlobalSection
	GlobalSection(ExtensibilityGlobals) = postSolution
		SolutionGuid = {2BB3F43A-DCFE-4AD0-839A-C65AFFD2B124}
	EndGlobalSection
EndGlobal
